
Microsoft Visual Studio Solution File, Format Version 12.00
# Visual Studio Version 16
VisualStudioVersion = 16.0.31205.134
MinimumVisualStudioVersion = 10.0.40219.1
Project("{FAE04EC0-301F-11D3-BF4B-00C04F79EFBC}") = "ListeOpéras", "ListeOpéras\ListeOpéras.csproj", "{E0AEBD59-E10B-43D5-9581-B26C9B93E9DF}"
EndProject
Project("{FAE04EC0-301F-11D3-BF4B-00C04F79EFBC}") = "Controles", "Controles\Controles.csproj", "{FE87F014-EF02-41D7-8326-3FEACDE0180B}"
EndProject
Global
	GlobalSection(SolutionConfigurationPlatforms) = preSolution
		Debug|Any CPU = Debug|Any CPU
		Release|Any CPU = Release|Any CPU
	EndGlobalSection
	GlobalSection(ProjectConfigurationPlatforms) = postSolution
		{E0AEBD59-E10B-43D5-9581-B26C9B93E9DF}.Debug|Any CPU.ActiveCfg = Debug|Any CPU
		{E0AEBD59-E10B-43D5-9581-B26C9B93E9DF}.Debug|Any CPU.Build.0 = Debug|Any CPU
		{E0AEBD59-E10B-43D5-9581-B26C9B93E9DF}.Release|Any CPU.ActiveCfg = Release|Any CPU
		{E0AEBD59-E10B-43D5-9581-B26C9B93E9DF}.Release|Any CPU.Build.0 = Release|Any CPU
		{FE87F014-EF02-41D7-8326-3FEACDE0180B}.Debug|Any CPU.ActiveCfg = Release|Any CPU
		{FE87F014-EF02-41D7-8326-3FEACDE0180B}.Debug|Any CPU.Build.0 = Release|Any CPU
		{FE87F014-EF02-41D7-8326-3FEACDE0180B}.Release|Any CPU.ActiveCfg = Release|Any CPU
		{FE87F014-EF02-41D7-8326-3FEACDE0180B}.Release|Any CPU.Build.0 = Release|Any CPU
	EndGlobalSection
	GlobalSection(SolutionProperties) = preSolution
		HideSolutionNode = FALSE
	EndGlobalSection
	GlobalSection(ExtensibilityGlobals) = postSolution
		SolutionGuid = {2D3D5A6B-56BC-47F0-92AE-A7EB73A892D1}
	EndGlobalSection
EndGlobal
